
Microsoft Visual Studio Solution File, Format Version 12.00
# Visual Studio Version 17
VisualStudioVersion = 17.0.31903.59
MinimumVisualStudioVersion = 10.0.40219.1
Project("{FAE04EC0-301F-11D3-BF4B-00C04F79EFBC}") = "ProjCalc", "ProjCalc\ProjCalc.csproj", "{A166E8FF-F3F3-45D0-B161-11224AE8D4D6}"
EndProject
Project("{FAE04EC0-301F-11D3-BF4B-00C04F79EFBC}") = "ProjCalc.Tests", "ProjCalc.Tests\ProjCalc.Tests.csproj", "{E203CE00-7361-4A3D-9C05-61D04CB3928D}"
EndProject
Global
	GlobalSection(SolutionConfigurationPlatforms) = preSolution
		Debug|Any CPU = Debug|Any CPU
		Release|Any CPU = Release|Any CPU
	EndGlobalSection
	GlobalSection(SolutionProperties) = preSolution
		HideSolutionNode = FALSE
	EndGlobalSection
	GlobalSection(ProjectConfigurationPlatforms) = postSolution
		{A166E8FF-F3F3-45D0-B161-11224AE8D4D6}.Debug|Any CPU.ActiveCfg = Debug|Any CPU
		{A166E8FF-F3F3-45D0-B161-11224AE8D4D6}.Debug|Any CPU.Build.0 = Debug|Any CPU
		{A166E8FF-F3F3-45D0-B161-11224AE8D4D6}.Release|Any CPU.ActiveCfg = Release|Any CPU
		{A166E8FF-F3F3-45D0-B161-11224AE8D4D6}.Release|Any CPU.Build.0 = Release|Any CPU
		{E203CE00-7361-4A3D-9C05-61D04CB3928D}.Debug|Any CPU.ActiveCfg = Debug|Any CPU
		{E203CE00-7361-4A3D-9C05-61D04CB3928D}.Debug|Any CPU.Build.0 = Debug|Any CPU
		{E203CE00-7361-4A3D-9C05-61D04CB3928D}.Release|Any CPU.ActiveCfg = Release|Any CPU
		{E203CE00-7361-4A3D-9C05-61D04CB3928D}.Release|Any CPU.Build.0 = Release|Any CPU
	EndGlobalSection
EndGlobal
